// !$*UTF8*$!
{
	archiveVersion = 1;
	classes = {
	};
	objectVersion = 46;
	objects = {

/* Begin PBXBuildFile section */
		1BAC93221B5E3F900096D459 /* main.m in Sources */ = {isa = PBXBuildFile; fileRef = 1BAC93211B5E3F900096D459 /* main.m */; };
		1BAC93251B5E3F900096D459 /* AppDelegate.m in Sources */ = {isa = PBXBuildFile; fileRef = 1BAC93241B5E3F900096D459 /* AppDelegate.m */; };
		1BAC93281B5E3F900096D459 /* ViewController.m in Sources */ = {isa = PBXBuildFile; fileRef = 1BAC93271B5E3F900096D459 /* ViewController.m */; };
		1BAC932B1B5E3F900096D459 /* Main.storyboard in Resources */ = {isa = PBXBuildFile; fileRef = 1BAC93291B5E3F900096D459 /* Main.storyboard */; };
		1BAC932D1B5E3F900096D459 /* Assets.xcassets in Resources */ = {isa = PBXBuildFile; fileRef = 1BAC932C1B5E3F900096D459 /* Assets.xcassets */; };
		1BAC93301B5E3F900096D459 /* LaunchScreen.storyboard in Resources */ = {isa = PBXBuildFile; fileRef = 1BAC932E1B5E3F900096D459 /* LaunchScreen.storyboard */; };
		1BAC933B1B5E3F900096D459 /* YeahTestTests.m in Sources */ = {isa = PBXBuildFile; fileRef = 1BAC933A1B5E3F900096D459 /* YeahTestTests.m */; };
		1BAC93461B5E3F900096D459 /* YeahTestUITests.m in Sources */ = {isa = PBXBuildFile; fileRef = 1BAC93451B5E3F900096D459 /* YeahTestUITests.m */; };
/* End PBXBuildFile section */

/* Begin PBXContainerItemProxy section */
		1BAC93371B5E3F900096D459 /* PBXContainerItemProxy */ = {
			isa = PBXContainerItemProxy;
			containerPortal = 1BAC93151B5E3F8F0096D459 /* Project object */;
			proxyType = 1;
			remoteGlobalIDString = 1BAC931C1B5E3F900096D459;
			remoteInfo = YeahTest;
		};
		1BAC93421B5E3F900096D459 /* PBXContainerItemProxy */ = {
			isa = PBXContainerItemProxy;
			containerPortal = 1BAC93151B5E3F8F0096D459 /* Project object */;
			proxyType = 1;
			remoteGlobalIDString = 1BAC931C1B5E3F900096D459;
			remoteInfo = YeahTest;
		};
/* End PBXContainerItemProxy section */

/* Begin PBXFileReference section */
		1BAC931D1B5E3F900096D459 /* YeahTest.app */ = {isa = PBXFileReference; explicitFileType = wrapper.application; includeInIndex = 0; path = YeahTest.app; sourceTree = BUILT_PRODUCTS_DIR; };
		1BAC93211B5E3F900096D459 /* main.m */ = {isa = PBXFileReference; lastKnownFileType = sourcecode.c.objc; path = main.m; sourceTree = "<group>"; };
		1BAC93231B5E3F900096D459 /* AppDelegate.h */ = {isa = PBXFileReference; lastKnownFileType = sourcecode.c.h; path = AppDelegate.h; sourceTree = "<group>"; };
		1BAC93241B5E3F900096D459 /* AppDelegate.m */ = {isa = PBXFileReference; lastKnownFileType = sourcecode.c.objc; path = AppDelegate.m; sourceTree = "<group>"; };
		1BAC93261B5E3F900096D459 /* ViewController.h */ = {isa = PBXFileReference; lastKnownFileType = sourcecode.c.h; path = ViewController.h; sourceTree = "<group>"; };
		1BAC93271B5E3F900096D459 /* ViewController.m */ = {isa = PBXFileReference; lastKnownFileType = sourcecode.c.objc; path = ViewController.m; sourceTree = "<group>"; };
		1BAC932A1B5E3F900096D459 /* Base */ = {isa = PBXFileReference; lastKnownFileType = file.storyboard; name = Base; path = Base.lproj/Main.storyboard; sourceTree = "<group>"; };
		1BAC932C1B5E3F900096D459 /* Assets.xcassets */ = {isa = PBXFileReference; lastKnownFileType = folder.assetcatalog; path = Assets.xcassets; sourceTree = "<group>"; };
		1BAC932F1B5E3F900096D459 /* Base */ = {isa = PBXFileReference; lastKnownFileType = file.storyboard; name = Base; path = Base.lproj/LaunchScreen.storyboard; sourceTree = "<group>"; };
		1BAC93311B5E3F900096D459 /* Info.plist */ = {isa = PBXFileReference; lastKnownFileType = text.plist.xml; path = Info.plist; sourceTree = "<group>"; };
		1BAC93361B5E3F900096D459 /* YeahTestTests.xctest */ = {isa = PBXFileReference; explicitFileType = wrapper.cfbundle; includeInIndex = 0; path = YeahTestTests.xctest; sourceTree = BUILT_PRODUCTS_DIR; };
		1BAC933A1B5E3F900096D459 /* YeahTestTests.m */ = {isa = PBXFileReference; lastKnownFileType = sourcecode.c.objc; path = YeahTestTests.m; sourceTree = "<group>"; };
		1BAC933C1B5E3F900096D459 /* Info.plist */ = {isa = PBXFileReference; lastKnownFileType = text.plist.xml; path = Info.plist; sourceTree = "<group>"; };
		1BAC93411B5E3F900096D459 /* YeahTestUITests.xctest */ = {isa = PBXFileReference; explicitFileType = wrapper.cfbundle; includeInIndex = 0; path = YeahTestUITests.xctest; sourceTree = BUILT_PRODUCTS_DIR; };
		1BAC93451B5E3F900096D459 /* YeahTestUITests.m */ = {isa = PBXFileReference; lastKnownFileType = sourcecode.c.objc; path = YeahTestUITests.m; sourceTree = "<group>"; };
		1BAC93471B5E3F900096D459 /* Info.plist */ = {isa = PBXFileReference; lastKnownFileType = text.plist.xml; path = Info.plist; sourceTree = "<group>"; };
/* End PBXFileReference section */

/* Begin PBXFrameworksBuildPhase section */
		1BAC931A1B5E3F900096D459 /* Frameworks */ = {
			isa = PBXFrameworksBuildPhase;
			buildActionMask = 2147483647;
			files = (
			);
			runOnlyForDeploymentPostprocessing = 0;
		};
		1BAC93331B5E3F900096D459 /* Frameworks */ = {
			isa = PBXFrameworksBuildPhase;
			buildActionMask = 2147483647;
			files = (
			);
			runOnlyForDeploymentPostprocessing = 0;
		};
		1BAC933E1B5E3F900096D459 /* Frameworks */ = {
			isa = PBXFrameworksBuildPhase;
			buildActionMask = 2147483647;
			files = (
			);
			runOnlyForDeploymentPostprocessing = 0;
		};
/* End PBXFrameworksBuildPhase section */

/* Begin PBXGroup section */
		1BAC93141B5E3F8F0096D459 = {
			isa = PBXGroup;
			children = (
				1BAC931F1B5E3F900096D459 /* YeahTest */,
				1BAC93391B5E3F900096D459 /* YeahTestTests */,
				1BAC93441B5E3F900096D459 /* YeahTestUITests */,
				1BAC931E1B5E3F900096D459 /* Products */,
			);
			sourceTree = "<group>";
		};
		1BAC931E1B5E3F900096D459 /* Products */ = {
			isa = PBXGroup;
			children = (
				1BAC931D1B5E3F900096D459 /* YeahTest.app */,
				1BAC93361B5E3F900096D459 /* YeahTestTests.xctest */,
				1BAC93411B5E3F900096D459 /* YeahTestUITests.xctest */,
			);
			name = Products;
			sourceTree = "<group>";
		};
		1BAC931F1B5E3F900096D459 /* YeahTest */ = {
			isa = PBXGroup;
			children = (
				1BAC93231B5E3F900096D459 /* AppDelegate.h */,
				1BAC93241B5E3F900096D459 /* AppDelegate.m */,
				1BAC93261B5E3F900096D459 /* ViewController.h */,
				1BAC93271B5E3F900096D459 /* ViewController.m */,
				1BAC93291B5E3F900096D459 /* Main.storyboard */,
				1BAC932C1B5E3F900096D459 /* Assets.xcassets */,
				1BAC932E1B5E3F900096D459 /* LaunchScreen.storyboard */,
				1BAC93311B5E3F900096D459 /* Info.plist */,
				1BAC93201B5E3F900096D459 /* Supporting Files */,
			);
			path = YeahTest;
			sourceTree = "<group>";
		};
		1BAC93201B5E3F900096D459 /* Supporting Files */ = {
			isa = PBXGroup;
			children = (
				1BAC93211B5E3F900096D459 /* main.m */,
			);
			name = "Supporting Files";
			sourceTree = "<group>";
		};
		1BAC93391B5E3F900096D459 /* YeahTestTests */ = {
			isa = PBXGroup;
			children = (
				1BAC933A1B5E3F900096D459 /* YeahTestTests.m */,
				1BAC933C1B5E3F900096D459 /* Info.plist */,
			);
			path = YeahTestTests;
			sourceTree = "<group>";
		};
		1BAC93441B5E3F900096D459 /* YeahTestUITests */ = {
			isa = PBXGroup;
			children = (
				1BAC93451B5E3F900096D459 /* YeahTestUITests.m */,
				1BAC93471B5E3F900096D459 /* Info.plist */,
			);
			path = YeahTestUITests;
			sourceTree = "<group>";
		};
/* End PBXGroup section */

/* Begin PBXNativeTarget section */
		1BAC931C1B5E3F900096D459 /* YeahTest */ = {
			isa = PBXNativeTarget;
			buildConfigurationList = 1BAC934A1B5E3F900096D459 /* Build configuration list for PBXNativeTarget "YeahTest" */;
			buildPhases = (
				1BAC93191B5E3F900096D459 /* Sources */,
				1BAC931A1B5E3F900096D459 /* Frameworks */,
				1BAC931B1B5E3F900096D459 /* Resources */,
			);
			buildRules = (
			);
			dependencies = (
			);
			name = YeahTest;
			productName = YeahTest;
			productReference = 1BAC931D1B5E3F900096D459 /* YeahTest.app */;
			productType = "com.apple.product-type.application";
		};
		1BAC93351B5E3F900096D459 /* YeahTestTests */ = {
			isa = PBXNativeTarget;
			buildConfigurationList = 1BAC934D1B5E3F900096D459 /* Build configuration list for PBXNativeTarget "YeahTestTests" */;
			buildPhases = (
				1BAC93321B5E3F900096D459 /* Sources */,
				1BAC93331B5E3F900096D459 /* Frameworks */,
				1BAC93341B5E3F900096D459 /* Resources */,
			);
			buildRules = (
			);
			dependencies = (
				1BAC93381B5E3F900096D459 /* PBXTargetDependency */,
			);
			name = YeahTestTests;
			productName = YeahTestTests;
			productReference = 1BAC93361B5E3F900096D459 /* YeahTestTests.xctest */;
			productType = "com.apple.product-type.bundle.unit-test";
		};
		1BAC93401B5E3F900096D459 /* YeahTestUITests */ = {
			isa = PBXNativeTarget;
			buildConfigurationList = 1BAC93501B5E3F900096D459 /* Build configuration list for PBXNativeTarget "YeahTestUITests" */;
			buildPhases = (
				1BAC933D1B5E3F900096D459 /* Sources */,
				1BAC933E1B5E3F900096D459 /* Frameworks */,
				1BAC933F1B5E3F900096D459 /* Resources */,
			);
			buildRules = (
			);
			dependencies = (
				1BAC93431B5E3F900096D459 /* PBXTargetDependency */,
			);
			name = YeahTestUITests;
			productName = YeahTestUITests;
			productReference = 1BAC93411B5E3F900096D459 /* YeahTestUITests.xctest */;
			productType = "com.apple.product-type.bundle.ui-testing";
		};
/* End PBXNativeTarget section */

/* Begin PBXProject section */
		1BAC93151B5E3F8F0096D459 /* Project object */ = {
			isa = PBXProject;
			attributes = {
				LastUpgradeCheck = 0700;
				ORGANIZATIONNAME = Yeah;
				TargetAttributes = {
					1BAC931C1B5E3F900096D459 = {
						CreatedOnToolsVersion = 7.0;
						DevelopmentTeam = DD3SU6HUME;
					};
					1BAC93351B5E3F900096D459 = {
						CreatedOnToolsVersion = 7.0;
						TestTargetID = 1BAC931C1B5E3F900096D459;
					};
					1BAC93401B5E3F900096D459 = {
						CreatedOnToolsVersion = 7.0;
						TestTargetID = 1BAC931C1B5E3F900096D459;
					};
				};
			};
			buildConfigurationList = 1BAC93181B5E3F8F0096D459 /* Build configuration list for PBXProject "YeahTest" */;
			compatibilityVersion = "Xcode 3.2";
			developmentRegion = English;
			hasScannedForEncodings = 0;
			knownRegions = (
				en,
				Base,
			);
			mainGroup = 1BAC93141B5E3F8F0096D459;
			productRefGroup = 1BAC931E1B5E3F900096D459 /* Products */;
			projectDirPath = "";
			projectRoot = "";
			targets = (
				1BAC931C1B5E3F900096D459 /* YeahTest */,
				1BAC93351B5E3F900096D459 /* YeahTestTests */,
				1BAC93401B5E3F900096D459 /* YeahTestUITests */,
			);
		};
/* End PBXProject section */

/* Begin PBXResourcesBuildPhase section */
		1BAC931B1B5E3F900096D459 /* Resources */ = {
			isa = PBXResourcesBuildPhase;
			buildActionMask = 2147483647;
			files = (
				1BAC93301B5E3F900096D459 /* LaunchScreen.storyboard in Resources */,
				1BAC932D1B5E3F900096D459 /* Assets.xcassets in Resources */,
				1BAC932B1B5E3F900096D459 /* Main.storyboard in Resources */,
			);
			runOnlyForDeploymentPostprocessing = 0;
		};
		1BAC93341B5E3F900096D459 /* Resources */ = {
			isa = PBXResourcesBuildPhase;
			buildActionMask = 2147483647;
			files = (
			);
			runOnlyForDeploymentPostprocessing = 0;
		};
		1BAC933F1B5E3F900096D459 /* Resources */ = {
			isa = PBXResourcesBuildPhase;
			buildActionMask = 2147483647;
			files = (
			);
			runOnlyForDeploymentPostprocessing = 0;
		};
/* End PBXResourcesBuildPhase section */

/* Begin PBXSourcesBuildPhase section */
		1BAC93191B5E3F900096D459 /* Sources */ = {
			isa = PBXSourcesBuildPhase;
			buildActionMask = 2147483647;
			files = (
				1BAC93281B5E3F900096D459 /* ViewController.m in Sources */,
				1BAC93251B5E3F900096D459 /* AppDelegate.m in Sources */,
				1BAC93221B5E3F900096D459 /* main.m in Sources */,
			);
			runOnlyForDeploymentPostprocessing = 0;
		};
		1BAC93321B5E3F900096D459 /* Sources */ = {
			isa = PBXSourcesBuildPhase;
			buildActionMask = 2147483647;
			files = (
				1BAC933B1B5E3F900096D459 /* YeahTestTests.m in Sources */,
			);
			runOnlyForDeploymentPostprocessing = 0;
		};
		1BAC933D1B5E3F900096D459 /* Sources */ = {
			isa = PBXSourcesBuildPhase;
			buildActionMask = 2147483647;
			files = (
				1BAC93461B5E3F900096D459 /* YeahTestUITests.m in Sources */,
			);
			runOnlyForDeploymentPostprocessing = 0;
		};
/* End PBXSourcesBuildPhase section */

/* Begin PBXTargetDependency section */
		1BAC93381B5E3F900096D459 /* PBXTargetDependency */ = {
			isa = PBXTargetDependency;
			target = 1BAC931C1B5E3F900096D459 /* YeahTest */;
			targetProxy = 1BAC93371B5E3F900096D459 /* PBXContainerItemProxy */;
		};
		1BAC93431B5E3F900096D459 /* PBXTargetDependency */ = {
			isa = PBXTargetDependency;
			target = 1BAC931C1B5E3F900096D459 /* YeahTest */;
			targetProxy = 1BAC93421B5E3F900096D459 /* PBXContainerItemProxy */;
		};
/* End PBXTargetDependency section */

/* Begin PBXVariantGroup section */
		1BAC93291B5E3F900096D459 /* Main.storyboard */ = {
			isa = PBXVariantGroup;
			children = (
				1BAC932A1B5E3F900096D459 /* Base */,
			);
			name = Main.storyboard;
			sourceTree = "<group>";
		};
		1BAC932E1B5E3F900096D459 /* LaunchScreen.storyboard */ = {
			isa = PBXVariantGroup;
			children = (
				1BAC932F1B5E3F900096D459 /* Base */,
			);
			name = LaunchScreen.storyboard;
			sourceTree = "<group>";
		};
/* End PBXVariantGroup section */

/* Begin XCBuildConfiguration section */
		1BAC93481B5E3F900096D459 /* Debug */ = {
			isa = XCBuildConfiguration;
			buildSettings = {
				ALWAYS_SEARCH_USER_PATHS = NO;
				CLANG_CXX_LANGUAGE_STANDARD = "gnu++0x";
				CLANG_CXX_LIBRARY = "libc++";
				CLANG_ENABLE_MODULES = YES;
				CLANG_ENABLE_OBJC_ARC = YES;
				CLANG_WARN_BOOL_CONVERSION = YES;
				CLANG_WARN_CONSTANT_CONVERSION = YES;
				CLANG_WARN_DIRECT_OBJC_ISA_USAGE = YES_ERROR;
				CLANG_WARN_EMPTY_BODY = YES;
				CLANG_WARN_ENUM_CONVERSION = YES;
				CLANG_WARN_INT_CONVERSION = YES;
				CLANG_WARN_OBJC_ROOT_CLASS = YES_ERROR;
				CLANG_WARN_UNREACHABLE_CODE = YES;
				CLANG_WARN__DUPLICATE_METHOD_MATCH = YES;
				"CODE_SIGN_IDENTITY[sdk=iphoneos*]" = "iPhone Developer";
				COPY_PHASE_STRIP = NO;
				DEBUG_INFORMATION_FORMAT = dwarf;
				ENABLE_STRICT_OBJC_MSGSEND = YES;
				ENABLE_TESTABILITY = YES;
				GCC_C_LANGUAGE_STANDARD = gnu99;
				GCC_DYNAMIC_NO_PIC = NO;
				GCC_NO_COMMON_BLOCKS = YES;
				GCC_OPTIMIZATION_LEVEL = 0;
				GCC_PREPROCESSOR_DEFINITIONS = (
					"DEBUG=1",
					"$(inherited)",
				);
				GCC_WARN_64_TO_32_BIT_CONVERSION = YES;
				GCC_WARN_ABOUT_RETURN_TYPE = YES_ERROR;
				GCC_WARN_UNDECLARED_SELECTOR = YES;
				GCC_WARN_UNINITIALIZED_AUTOS = YES_AGGRESSIVE;
				GCC_WARN_UNUSED_FUNCTION = YES;
				GCC_WARN_UNUSED_VARIABLE = YES;
				IPHONEOS_DEPLOYMENT_TARGET = 9.0;
				MTL_ENABLE_DEBUG_INFO = YES;
				ONLY_ACTIVE_ARCH = YES;
				SDKROOT = iphoneos;
				TARGETED_DEVICE_FAMILY = "1,2";
			};
			name = Debug;
		};
		1BAC93491B5E3F900096D459 /* Release */ = {
			isa = XCBuildConfiguration;
			buildSettings = {
				ALWAYS_SEARCH_USER_PATHS = NO;
				CLANG_CXX_LANGUAGE_STANDARD = "gnu++0x";
				CLANG_CXX_LIBRARY = "libc++";
				CLANG_ENABLE_MODULES = YES;
				CLANG_ENABLE_OBJC_ARC = YES;
				CLANG_WARN_BOOL_CONVERSION = YES;
				CLANG_WARN_CONSTANT_CONVERSION = YES;
				CLANG_WARN_DIRECT_OBJC_ISA_USAGE = YES_ERROR;
				CLANG_WARN_EMPTY_BODY = YES;
				CLANG_WARN_ENUM_CONVERSION = YES;
				CLANG_WARN_INT_CONVERSION = YES;
				CLANG_WARN_OBJC_ROOT_CLASS = YES_ERROR;
				CLANG_WARN_UNREACHABLE_CODE = YES;
				CLANG_WARN__DUPLICATE_METHOD_MATCH = YES;
				"CODE_SIGN_IDENTITY[sdk=iphoneos*]" = "iPhone Developer";
				COPY_PHASE_STRIP = NO;
				DEBUG_INFORMATION_FORMAT = "dwarf-with-dsym";
				ENABLE_NS_ASSERTIONS = NO;
				ENABLE_STRICT_OBJC_MSGSEND = YES;
				GCC_C_LANGUAGE_STANDARD = gnu99;
				GCC_NO_COMMON_BLOCKS = YES;
				GCC_WARN_64_TO_32_BIT_CONVERSION = YES;
				GCC_WARN_ABOUT_RETURN_TYPE = YES_ERROR;
				GCC_WARN_UNDECLARED_SELECTOR = YES;
				GCC_WARN_UNINITIALIZED_AUTOS = YES_AGGRESSIVE;
				GCC_WARN_UNUSED_FUNCTION = YES;
				GCC_WARN_UNUSED_VARIABLE = YES;
				IPHONEOS_DEPLOYMENT_TARGET = 9.0;
				MTL_ENABLE_DEBUG_INFO = NO;
				SDKROOT = iphoneos;
				TARGETED_DEVICE_FAMILY = "1,2";
				VALIDATE_PRODUCT = YES;
			};
			name = Release;
		};
		1BAC934B1B5E3F900096D459 /* Debug */ = {
			isa = XCBuildConfiguration;
			buildSettings = {
				ASSETCATALOG_COMPILER_APPICON_NAME = AppIcon;
				CODE_SIGN_IDENTITY = "iPhone Developer";
				INFOPLIST_FILE = YeahTest/Info.plist;
				LD_RUNPATH_SEARCH_PATHS = "$(inherited) @executable_path/Frameworks";
				PRODUCT_BUNDLE_IDENTIFIER = Yeah.YeahTest;
				PRODUCT_NAME = "$(TARGET_NAME)";
			};
			name = Debug;
		};
		1BAC934C1B5E3F900096D459 /* Release */ = {
			isa = XCBuildConfiguration;
			buildSettings = {
				ASSETCATALOG_COMPILER_APPICON_NAME = AppIcon;
				CODE_SIGN_IDENTITY = "iPhone Developer";
				INFOPLIST_FILE = YeahTest/Info.plist;
				LD_RUNPATH_SEARCH_PATHS = "$(inherited) @executable_path/Frameworks";
				PRODUCT_BUNDLE_IDENTIFIER = Yeah.YeahTest;
				PRODUCT_NAME = "$(TARGET_NAME)";
			};
			name = Release;
		};
		1BAC934E1B5E3F900096D459 /* Debug */ = {
			isa = XCBuildConfiguration;
			buildSettings = {
				BUNDLE_LOADER = "$(TEST_HOST)";
				INFOPLIST_FILE = YeahTestTests/Info.plist;
				LD_RUNPATH_SEARCH_PATHS = "$(inherited) @executable_path/Frameworks @loader_path/Frameworks";
				PRODUCT_BUNDLE_IDENTIFIER = Yeah.YeahTestTests;
				PRODUCT_NAME = "$(TARGET_NAME)";
				TEST_HOST = "$(BUILT_PRODUCTS_DIR)/YeahTest.app/YeahTest";
			};
			name = Debug;
		};
		1BAC934F1B5E3F900096D459 /* Release */ = {
			isa = XCBuildConfiguration;
			buildSettings = {
				BUNDLE_LOADER = "$(TEST_HOST)";
				INFOPLIST_FILE = YeahTestTests/Info.plist;
				LD_RUNPATH_SEARCH_PATHS = "$(inherited) @executable_path/Frameworks @loader_path/Frameworks";
				PRODUCT_BUNDLE_IDENTIFIER = Yeah.YeahTestTests;
				PRODUCT_NAME = "$(TARGET_NAME)";
				TEST_HOST = "$(BUILT_PRODUCTS_DIR)/YeahTest.app/YeahTest";
			};
			name = Release;
		};
		1BAC93511B5E3F900096D459 /* Debug */ = {
			isa = XCBuildConfiguration;
			buildSettings = {
				INFOPLIST_FILE = YeahTestUITests/Info.plist;
				LD_RUNPATH_SEARCH_PATHS = "$(inherited) @executable_path/Frameworks @loader_path/Frameworks";
				PRODUCT_BUNDLE_IDENTIFIER = Yeah.YeahTestUITests;
				PRODUCT_NAME = "$(TARGET_NAME)";
				TEST_TARGET_NAME = YeahTest;
				USES_XCTRUNNER = YES;
			};
			name = Debug;
		};
		1BAC93521B5E3F900096D459 /* Release */ = {
			isa = XCBuildConfiguration;
			buildSettings = {
				INFOPLIST_FILE = YeahTestUITests/Info.plist;
				LD_RUNPATH_SEARCH_PATHS = "$(inherited) @executable_path/Frameworks @loader_path/Frameworks";
				PRODUCT_BUNDLE_IDENTIFIER = Yeah.YeahTestUITests;
				PRODUCT_NAME = "$(TARGET_NAME)";
				TEST_TARGET_NAME = YeahTest;
				USES_XCTRUNNER = YES;
			};
			name = Release;
		};
/* End XCBuildConfiguration section */

/* Begin XCConfigurationList section */
		1BAC93181B5E3F8F0096D459 /* Build configuration list for PBXProject "YeahTest" */ = {
			isa = XCConfigurationList;
			buildConfigurations = (
				1BAC93481B5E3F900096D459 /* Debug */,
				1BAC93491B5E3F900096D459 /* Release */,
			);
			defaultConfigurationIsVisible = 0;
			defaultConfigurationName = Release;
		};
		1BAC934A1B5E3F900096D459 /* Build configuration list for PBXNativeTarget "YeahTest" */ = {
			isa = XCConfigurationList;
			buildConfigurations = (
				1BAC934B1B5E3F900096D459 /* Debug */,
				1BAC934C1B5E3F900096D459 /* Release */,
			);
			defaultConfigurationIsVisible = 0;
		};
		1BAC934D1B5E3F900096D459 /* Build configuration list for PBXNativeTarget "YeahTestTests" */ = {
			isa = XCConfigurationList;
			buildConfigurations = (
				1BAC934E1B5E3F900096D459 /* Debug */,
				1BAC934F1B5E3F900096D459 /* Release */,
			);
			defaultConfigurationIsVisible = 0;
		};
		1BAC93501B5E3F900096D459 /* Build configuration list for PBXNativeTarget "YeahTestUITests" */ = {
			isa = XCConfigurationList;
			buildConfigurations = (
				1BAC93511B5E3F900096D459 /* Debug */,
				1BAC93521B5E3F900096D459 /* Release */,
			);
			defaultConfigurationIsVisible = 0;
		};
/* End XCConfigurationList section */
	};
	rootObject = 1BAC93151B5E3F8F0096D459 /* Project object */;
}
